
Microsoft Visual Studio Solution File, Format Version 12.00
# Visual Studio Version 17
VisualStudioVersion = 17.11.35312.102
MinimumVisualStudioVersion = 10.0.40219.1
Project("{FAE04EC0-301F-11D3-BF4B-00C04F79EFBC}") = "MathGame", "MathGame\MathGame.csproj", "{D22B5ED1-E28B-41DF-BAC0-689424183571}"
EndProject
Global
	GlobalSection(SolutionConfigurationPlatforms) = preSolution
		Debug|Any CPU = Debug|Any CPU
		Release|Any CPU = Release|Any CPU
	EndGlobalSection
	GlobalSection(ProjectConfigurationPlatforms) = postSolution
		{D22B5ED1-E28B-41DF-BAC0-689424183571}.Debug|Any CPU.ActiveCfg = Debug|Any CPU
		{D22B5ED1-E28B-41DF-BAC0-689424183571}.Debug|Any CPU.Build.0 = Debug|Any CPU
		{D22B5ED1-E28B-41DF-BAC0-689424183571}.Release|Any CPU.ActiveCfg = Release|Any CPU
		{D22B5ED1-E28B-41DF-BAC0-689424183571}.Release|Any CPU.Build.0 = Release|Any CPU
	EndGlobalSection
	GlobalSection(SolutionProperties) = preSolution
		HideSolutionNode = FALSE
	EndGlobalSection
	GlobalSection(ExtensibilityGlobals) = postSolution
		SolutionGuid = {E640FEF6-2E01-4C53-8FF1-57EC27DB4A2F}
	EndGlobalSection
EndGlobal
